lockfileVersion: '9.0'

settings:
  autoInstallPeers: true
  excludeLinksFromLockfile: false

importers:

  .:
    dependencies:
      an-array-of-english-words:
        specifier: ^2.0.0
        version: 2.0.0

packages:

  an-array-of-english-words@2.0.0:
    resolution: {integrity: sha512-FXnNvZSOI27kkKXeLSquhaTGP7z198UOQ4txaYO9fCfrjCh+D5SV7G7XqzEH0229+pAi4cjBEZ4WIQYgjKtO7Q==}
    hasBin: true

snapshots:

  an-array-of-english-words@2.0.0: {}
